
Microsoft Visual Studio Solution File, Format Version 12.00
# Visual Studio Version 16
VisualStudioVersion = 16.0.30717.126
MinimumVisualStudioVersion = 10.0.40219.1
Project("{8BC9CEB8-8B4A-11D0-8D11-00A0C91BC942}") = "HelloOpenCV", "HelloOpenCV\HelloOpenCV.vcxproj", "{A7AA981F-0A50-43F5-8C3E-06C74B5670D1}"
EndProject
Global
	GlobalSection(SolutionConfigurationPlatforms) = preSolution
		Debug|x64 = Debug|x64
		Debug|x86 = Debug|x86
		Release|x64 = Release|x64
		Release|x86 = Release|x86
	EndGlobalSection
	GlobalSection(ProjectConfigurationPlatforms) = postSolution
		{A7AA981F-0A50-43F5-8C3E-06C74B5670D1}.Debug|x64.ActiveCfg = Debug|x64
		{A7AA981F-0A50-43F5-8C3E-06C74B5670D1}.Debug|x64.Build.0 = Debug|x64
		{A7AA981F-0A50-43F5-8C3E-06C74B5670D1}.Debug|x86.ActiveCfg = Debug|Win32
		{A7AA981F-0A50-43F5-8C3E-06C74B5670D1}.Debug|x86.Build.0 = Debug|Win32
		{A7AA981F-0A50-43F5-8C3E-06C74B5670D1}.Release|x64.ActiveCfg = Release|x64
		{A7AA981F-0A50-43F5-8C3E-06C74B5670D1}.Release|x64.Build.0 = Release|x64
		{A7AA981F-0A50-43F5-8C3E-06C74B5670D1}.Release|x86.ActiveCfg = Release|Win32
		{A7AA981F-0A50-43F5-8C3E-06C74B5670D1}.Release|x86.Build.0 = Release|Win32
	EndGlobalSection
	GlobalSection(SolutionProperties) = preSolution
		HideSolutionNode = FALSE
	EndGlobalSection
	GlobalSection(ExtensibilityGlobals) = postSolution
		SolutionGuid = {B0821610-577F-48ED-9029-7C30D287F722}
	EndGlobalSection
EndGlobal
